
Microsoft Visual Studio Solution File, Format Version 12.00
# Visual Studio Version 17
VisualStudioVersion = 17.5.33424.131
MinimumVisualStudioVersion = 10.0.40219.1
Project("{FAE04EC0-301F-11D3-BF4B-00C04F79EFBC}") = "Диспетчер компоновки Grid2", "Диспетчер компоновки Grid2.csproj", "{70A8C4FB-113C-4710-ABE6-5DA713358B6F}"
EndProject
Global
	GlobalSection(SolutionConfigurationPlatforms) = preSolution
		Debug|Any CPU = Debug|Any CPU
		Release|Any CPU = Release|Any CPU
	EndGlobalSection
	GlobalSection(ProjectConfigurationPlatforms) = postSolution
		{70A8C4FB-113C-4710-ABE6-5DA713358B6F}.Debug|Any CPU.ActiveCfg = Debug|Any CPU
		{70A8C4FB-113C-4710-ABE6-5DA713358B6F}.Debug|Any CPU.Build.0 = Debug|Any CPU
		{70A8C4FB-113C-4710-ABE6-5DA713358B6F}.Release|Any CPU.ActiveCfg = Release|Any CPU
		{70A8C4FB-113C-4710-ABE6-5DA713358B6F}.Release|Any CPU.Build.0 = Release|Any CPU
	EndGlobalSection
	GlobalSection(SolutionProperties) = preSolution
		HideSolutionNode = FALSE
	EndGlobalSection
	GlobalSection(ExtensibilityGlobals) = postSolution
		SolutionGuid = {EBFD5702-169F-4657-AF33-9F43CFC70E32}
	EndGlobalSection
EndGlobal
