
Microsoft Visual Studio Solution File, Format Version 12.00
# Visual Studio Version 17
VisualStudioVersion = 17.5.33424.131
MinimumVisualStudioVersion = 10.0.40219.1
Project("{FAE04EC0-301F-11D3-BF4B-00C04F79EFBC}") = "Диспетчер компоновки WrapPanel", "Диспетчер компоновки WrapPanel.csproj", "{9305B1E9-2F1F-4ECF-845D-BB3EE603C958}"
EndProject
Global
	GlobalSection(SolutionConfigurationPlatforms) = preSolution
		Debug|Any CPU = Debug|Any CPU
		Release|Any CPU = Release|Any CPU
	EndGlobalSection
	GlobalSection(ProjectConfigurationPlatforms) = postSolution
		{9305B1E9-2F1F-4ECF-845D-BB3EE603C958}.Debug|Any CPU.ActiveCfg = Debug|Any CPU
		{9305B1E9-2F1F-4ECF-845D-BB3EE603C958}.Debug|Any CPU.Build.0 = Debug|Any CPU
		{9305B1E9-2F1F-4ECF-845D-BB3EE603C958}.Release|Any CPU.ActiveCfg = Release|Any CPU
		{9305B1E9-2F1F-4ECF-845D-BB3EE603C958}.Release|Any CPU.Build.0 = Release|Any CPU
	EndGlobalSection
	GlobalSection(SolutionProperties) = preSolution
		HideSolutionNode = FALSE
	EndGlobalSection
	GlobalSection(ExtensibilityGlobals) = postSolution
		SolutionGuid = {0E9B3055-3C31-4229-B5B8-1EEB4554392C}
	EndGlobalSection
EndGlobal
