
Microsoft Visual Studio Solution File, Format Version 12.00
# Visual Studio Version 17
VisualStudioVersion = 17.5.33424.131
MinimumVisualStudioVersion = 10.0.40219.1
Project("{FAE04EC0-301F-11D3-BF4B-00C04F79EFBC}") = "ваня впф", "ваня впф.csproj", "{DF66CEF8-8A80-4410-B8E8-6A2805B3FA7D}"
EndProject
Global
	GlobalSection(SolutionConfigurationPlatforms) = preSolution
		Debug|Any CPU = Debug|Any CPU
		Release|Any CPU = Release|Any CPU
	EndGlobalSection
	GlobalSection(ProjectConfigurationPlatforms) = postSolution
		{DF66CEF8-8A80-4410-B8E8-6A2805B3FA7D}.Debug|Any CPU.ActiveCfg = Debug|Any CPU
		{DF66CEF8-8A80-4410-B8E8-6A2805B3FA7D}.Debug|Any CPU.Build.0 = Debug|Any CPU
		{DF66CEF8-8A80-4410-B8E8-6A2805B3FA7D}.Release|Any CPU.ActiveCfg = Release|Any CPU
		{DF66CEF8-8A80-4410-B8E8-6A2805B3FA7D}.Release|Any CPU.Build.0 = Release|Any CPU
	EndGlobalSection
	GlobalSection(SolutionProperties) = preSolution
		HideSolutionNode = FALSE
	EndGlobalSection
	GlobalSection(ExtensibilityGlobals) = postSolution
		SolutionGuid = {9F260675-AB3A-498A-9672-CE2429BB10A4}
	EndGlobalSection
EndGlobal
