
Microsoft Visual Studio Solution File, Format Version 12.00
# Visual Studio Version 17
VisualStudioVersion = 17.5.33424.131
MinimumVisualStudioVersion = 10.0.40219.1
Project("{FAE04EC0-301F-11D3-BF4B-00C04F79EFBC}") = "Диспетчеры компоновки WPF", "Диспетчеры компоновки WPF.csproj", "{4E311A6E-A9D1-4D01-9A82-E1C9A936EFAD}"
EndProject
Global
	GlobalSection(SolutionConfigurationPlatforms) = preSolution
		Debug|Any CPU = Debug|Any CPU
		Release|Any CPU = Release|Any CPU
	EndGlobalSection
	GlobalSection(ProjectConfigurationPlatforms) = postSolution
		{4E311A6E-A9D1-4D01-9A82-E1C9A936EFAD}.Debug|Any CPU.ActiveCfg = Debug|Any CPU
		{4E311A6E-A9D1-4D01-9A82-E1C9A936EFAD}.Debug|Any CPU.Build.0 = Debug|Any CPU
		{4E311A6E-A9D1-4D01-9A82-E1C9A936EFAD}.Release|Any CPU.ActiveCfg = Release|Any CPU
		{4E311A6E-A9D1-4D01-9A82-E1C9A936EFAD}.Release|Any CPU.Build.0 = Release|Any CPU
	EndGlobalSection
	GlobalSection(SolutionProperties) = preSolution
		HideSolutionNode = FALSE
	EndGlobalSection
	GlobalSection(ExtensibilityGlobals) = postSolution
		SolutionGuid = {7F6BDB80-9A23-4614-A91F-673C2827CE5E}
	EndGlobalSection
EndGlobal
