
Microsoft Visual Studio Solution File, Format Version 12.00
# Visual Studio Version 17
VisualStudioVersion = 17.5.33424.131
MinimumVisualStudioVersion = 10.0.40219.1
Project("{FAE04EC0-301F-11D3-BF4B-00C04F79EFBC}") = "Лабораторной работе №13", "Лабораторной работе №13.csproj", "{ED231FBF-887A-4C4F-8CB2-8BAB41F58435}"
EndProject
Global
	GlobalSection(SolutionConfigurationPlatforms) = preSolution
		Debug|Any CPU = Debug|Any CPU
		Release|Any CPU = Release|Any CPU
	EndGlobalSection
	GlobalSection(ProjectConfigurationPlatforms) = postSolution
		{ED231FBF-887A-4C4F-8CB2-8BAB41F58435}.Debug|Any CPU.ActiveCfg = Debug|Any CPU
		{ED231FBF-887A-4C4F-8CB2-8BAB41F58435}.Debug|Any CPU.Build.0 = Debug|Any CPU
		{ED231FBF-887A-4C4F-8CB2-8BAB41F58435}.Release|Any CPU.ActiveCfg = Release|Any CPU
		{ED231FBF-887A-4C4F-8CB2-8BAB41F58435}.Release|Any CPU.Build.0 = Release|Any CPU
	EndGlobalSection
	GlobalSection(SolutionProperties) = preSolution
		HideSolutionNode = FALSE
	EndGlobalSection
	GlobalSection(ExtensibilityGlobals) = postSolution
		SolutionGuid = {1C97BB61-3AD7-4DC3-BA98-A8F98DC139D2}
	EndGlobalSection
EndGlobal
